
Microsoft Visual Studio Solution File, Format Version 12.00
# Visual Studio Version 17
VisualStudioVersion = 17.0.31903.59
MinimumVisualStudioVersion = 10.0.40219.1
Project("{FAE04EC0-301F-11D3-BF4B-00C04F79EFBC}") = "ShopsAndroidWeb", "ShopsAndroidWeb\ShopsAndroidWeb.csproj", "{399FF3B7-DCCA-45CF-8EB9-32D31466A90E}"
EndProject
Global
	GlobalSection(SolutionConfigurationPlatforms) = preSolution
		Debug|Any CPU = Debug|Any CPU
		Release|Any CPU = Release|Any CPU
	EndGlobalSection
	GlobalSection(ProjectConfigurationPlatforms) = postSolution
		{399FF3B7-DCCA-45CF-8EB9-32D31466A90E}.Debug|Any CPU.ActiveCfg = Debug|Any CPU
		{399FF3B7-DCCA-45CF-8EB9-32D31466A90E}.Debug|Any CPU.Build.0 = Debug|Any CPU
		{399FF3B7-DCCA-45CF-8EB9-32D31466A90E}.Release|Any CPU.ActiveCfg = Release|Any CPU
		{399FF3B7-DCCA-45CF-8EB9-32D31466A90E}.Release|Any CPU.Build.0 = Release|Any CPU
	EndGlobalSection
	GlobalSection(SolutionProperties) = preSolution
		HideSolutionNode = FALSE
	EndGlobalSection
	GlobalSection(ExtensibilityGlobals) = postSolution
		SolutionGuid = {2D6C9054-F07B-4D21-82BC-DDC3616C28A4}
	EndGlobalSection
EndGlobal
